// !$*UTF8*$!
{
	archiveVersion = 1;
	classes = {
	};
	objectVersion = 46;
	objects = {

/* Begin PBXBuildFile section */
		C9CFAC961C7A85AA006381D2 /* AppDelegate.swift in Sources */ = {isa = PBXBuildFile; fileRef = C9CFAC951C7A85AA006381D2 /* AppDelegate.swift */; };
		C9CFAC981C7A85AA006381D2 /* ViewController.swift in Sources */ = {isa = PBXBuildFile; fileRef = C9CFAC971C7A85AA006381D2 /* ViewController.swift */; };
		C9CFAC9B1C7A85AA006381D2 /* Main.storyboard in Resources */ = {isa = PBXBuildFile; fileRef = C9CFAC991C7A85AA006381D2 /* Main.storyboard */; };
		C9CFAC9E1C7A85AA006381D2 /* DrinkPicker.xcdatamodeld in Sources */ = {isa = PBXBuildFile; fileRef = C9CFAC9C1C7A85AA006381D2 /* DrinkPicker.xcdatamodeld */; };
		C9CFACA01C7A85AA006381D2 /* Assets.xcassets in Resources */ = {isa = PBXBuildFile; fileRef = C9CFAC9F1C7A85AA006381D2 /* Assets.xcassets */; };
		C9CFACA31C7A85AA006381D2 /* LaunchScreen.storyboard in Resources */ = {isa = PBXBuildFile; fileRef = C9CFACA11C7A85AA006381D2 /* LaunchScreen.storyboard */; };
/* End PBXBuildFile section */

/* Begin PBXFileReference section */
		C9CFAC921C7A85AA006381D2 /* DrinkPicker.app */ = {isa = PBXFileReference; explicitFileType = wrapper.application; includeInIndex = 0; path = DrinkPicker.app; sourceTree = BUILT_PRODUCTS_DIR; };
		C9CFAC951C7A85AA006381D2 /* AppDelegate.swift */ = {isa = PBXFileReference; lastKnownFileType = sourcecode.swift; path = AppDelegate.swift; sourceTree = "<group>"; };
		C9CFAC971C7A85AA006381D2 /* ViewController.swift */ = {isa = PBXFileReference; lastKnownFileType = sourcecode.swift; path = ViewController.swift; sourceTree = "<group>"; };
		C9CFAC9A1C7A85AA006381D2 /* Base */ = {isa = PBXFileReference; lastKnownFileType = file.storyboard; name = Base; path = Base.lproj/Main.storyboard; sourceTree = "<group>"; };
		C9CFAC9D1C7A85AA006381D2 /* DrinkPicker.xcdatamodel */ = {isa = PBXFileReference; lastKnownFileType = wrapper.xcdatamodel; path = DrinkPicker.xcdatamodel; sourceTree = "<group>"; };
		C9CFAC9F1C7A85AA006381D2 /* Assets.xcassets */ = {isa = PBXFileReference; lastKnownFileType = folder.assetcatalog; path = Assets.xcassets; sourceTree = "<group>"; };
		C9CFACA21C7A85AA006381D2 /* Base */ = {isa = PBXFileReference; lastKnownFileType = file.storyboard; name = Base; path = Base.lproj/LaunchScreen.storyboard; sourceTree = "<group>"; };
		C9CFACA41C7A85AA006381D2 /* Info.plist */ = {isa = PBXFileReference; lastKnownFileType = text.plist.xml; path = Info.plist; sourceTree = "<group>"; };
/* End PBXFileReference section */

/* Begin PBXFrameworksBuildPhase section */
		C9CFAC8F1C7A85AA006381D2 /* Frameworks */ = {
			isa = PBXFrameworksBuildPhase;
			buildActionMask = 2147483647;
			files = (
			);
			runOnlyForDeploymentPostprocessing = 0;
		};
/* End PBXFrameworksBuildPhase section */

/* Begin PBXGroup section */
		C9CFAC891C7A85AA006381D2 = {
			isa = PBXGroup;
			children = (
				C9CFAC941C7A85AA006381D2 /* DrinkPicker */,
				C9CFAC931C7A85AA006381D2 /* Products */,
			);
			sourceTree = "<group>";
		};
		C9CFAC931C7A85AA006381D2 /* Products */ = {
			isa = PBXGroup;
			children = (
				C9CFAC921C7A85AA006381D2 /* DrinkPicker.app */,
			);
			name = Products;
			sourceTree = "<group>";
		};
		C9CFAC941C7A85AA006381D2 /* DrinkPicker */ = {
			isa = PBXGroup;
			children = (
				C9CFAC951C7A85AA006381D2 /* AppDelegate.swift */,
				C9CFAC971C7A85AA006381D2 /* ViewController.swift */,
				C9CFAC991C7A85AA006381D2 /* Main.storyboard */,
				C9CFAC9F1C7A85AA006381D2 /* Assets.xcassets */,
				C9CFACA11C7A85AA006381D2 /* LaunchScreen.storyboard */,
				C9CFACA41C7A85AA006381D2 /* Info.plist */,
				C9CFAC9C1C7A85AA006381D2 /* DrinkPicker.xcdatamodeld */,
			);
			path = DrinkPicker;
			sourceTree = "<group>";
		};
/* End PBXGroup section */

/* Begin PBXNativeTarget section */
		C9CFAC911C7A85AA006381D2 /* DrinkPicker */ = {
			isa = PBXNativeTarget;
			buildConfigurationList = C9CFACA71C7A85AA006381D2 /* Build configuration list for PBXNativeTarget "DrinkPicker" */;
			buildPhases = (
				C9CFAC8E1C7A85AA006381D2 /* Sources */,
				C9CFAC8F1C7A85AA006381D2 /* Frameworks */,
				C9CFAC901C7A85AA006381D2 /* Resources */,
			);
			buildRules = (
			);
			dependencies = (
			);
			name = DrinkPicker;
			productName = DrinkPicker;
			productReference = C9CFAC921C7A85AA006381D2 /* DrinkPicker.app */;
			productType = "com.apple.product-type.application";
		};
/* End PBXNativeTarget section */

/* Begin PBXProject section */
		C9CFAC8A1C7A85AA006381D2 /* Project object */ = {
			isa = PBXProject;
			attributes = {
				LastSwiftUpdateCheck = 0720;
				LastUpgradeCheck = 0720;
				ORGANIZATIONNAME = Casey;
				TargetAttributes = {
					C9CFAC911C7A85AA006381D2 = {
						CreatedOnToolsVersion = 7.2;
					};
				};
			};
			buildConfigurationList = C9CFAC8D1C7A85AA006381D2 /* Build configuration list for PBXProject "DrinkPicker" */;
			compatibilityVersion = "Xcode 3.2";
			developmentRegion = English;
			hasScannedForEncodings = 0;
			knownRegions = (
				en,
				Base,
			);
			mainGroup = C9CFAC891C7A85AA006381D2;
			productRefGroup = C9CFAC931C7A85AA006381D2 /* Products */;
			projectDirPath = "";
			projectRoot = "";
			targets = (
				C9CFAC911C7A85AA006381D2 /* DrinkPicker */,
			);
		};
/* End PBXProject section */

/* Begin PBXResourcesBuildPhase section */
		C9CFAC901C7A85AA006381D2 /* Resources */ = {
			isa = PBXResourcesBuildPhase;
			buildActionMask = 2147483647;
			files = (
				C9CFACA31C7A85AA006381D2 /* LaunchScreen.storyboard in Resources */,
				C9CFACA01C7A85AA006381D2 /* Assets.xcassets in Resources */,
				C9CFAC9B1C7A85AA006381D2 /* Main.storyboard in Resources */,
			);
			runOnlyForDeploymentPostprocessing = 0;
		};
/* End PBXResourcesBuildPhase section */

/* Begin PBXSourcesBuildPhase section */
		C9CFAC8E1C7A85AA006381D2 /* Sources */ = {
			isa = PBXSourcesBuildPhase;
			buildActionMask = 2147483647;
			files = (
				C9CFAC9E1C7A85AA006381D2 /* DrinkPicker.xcdatamodeld in Sources */,
				C9CFAC981C7A85AA006381D2 /* ViewController.swift in Sources */,
				C9CFAC961C7A85AA006381D2 /* AppDelegate.swift in Sources */,
			);
			runOnlyForDeploymentPostprocessing = 0;
		};
/* End PBXSourcesBuildPhase section */

/* Begin PBXVariantGroup section */
		C9CFAC991C7A85AA006381D2 /* Main.storyboard */ = {
			isa = PBXVariantGroup;
			children = (
				C9CFAC9A1C7A85AA006381D2 /* Base */,
			);
			name = Main.storyboard;
			sourceTree = "<group>";
		};
		C9CFACA11C7A85AA006381D2 /* LaunchScreen.storyboard */ = {
			isa = PBXVariantGroup;
			children = (
				C9CFACA21C7A85AA006381D2 /* Base */,
			);
			name = LaunchScreen.storyboard;
			sourceTree = "<group>";
		};
/* End PBXVariantGroup section */

/* Begin XCBuildConfiguration section */
		C9CFACA51C7A85AA006381D2 /* Debug */ = {
			isa = XCBuildConfiguration;
			buildSettings = {
				ALWAYS_SEARCH_USER_PATHS = NO;
				CLANG_CXX_LANGUAGE_STANDARD = "gnu++0x";
				CLANG_CXX_LIBRARY = "libc++";
				CLANG_ENABLE_MODULES = YES;
				CLANG_ENABLE_OBJC_ARC = YES;
				CLANG_WARN_BOOL_CONVERSION = YES;
				CLANG_WARN_CONSTANT_CONVERSION = YES;
				CLANG_WARN_DIRECT_OBJC_ISA_USAGE = YES_ERROR;
				CLANG_WARN_EMPTY_BODY = YES;
				CLANG_WARN_ENUM_CONVERSION = YES;
				CLANG_WARN_INT_CONVERSION = YES;
				CLANG_WARN_OBJC_ROOT_CLASS = YES_ERROR;
				CLANG_WARN_UNREACHABLE_CODE = YES;
				CLANG_WARN__DUPLICATE_METHOD_MATCH = YES;
				"CODE_SIGN_IDENTITY[sdk=iphoneos*]" = "iPhone Developer";
				COPY_PHASE_STRIP = NO;
				DEBUG_INFORMATION_FORMAT = dwarf;
				ENABLE_STRICT_OBJC_MSGSEND = YES;
				ENABLE_TESTABILITY = YES;
				GCC_C_LANGUAGE_STANDARD = gnu99;
				GCC_DYNAMIC_NO_PIC = NO;
				GCC_NO_COMMON_BLOCKS = YES;
				GCC_OPTIMIZATION_LEVEL = 0;
				GCC_PREPROCESSOR_DEFINITIONS = (
					"DEBUG=1",
					"$(inherited)",
				);
				GCC_WARN_64_TO_32_BIT_CONVERSION = YES;
				GCC_WARN_ABOUT_RETURN_TYPE = YES_ERROR;
				GCC_WARN_UNDECLARED_SELECTOR = YES;
				GCC_WARN_UNINITIALIZED_AUTOS = YES_AGGRESSIVE;
				GCC_WARN_UNUSED_FUNCTION = YES;
				GCC_WARN_UNUSED_VARIABLE = YES;
				IPHONEOS_DEPLOYMENT_TARGET = 9.2;
				MTL_ENABLE_DEBUG_INFO = YES;
				ONLY_ACTIVE_ARCH = YES;
				SDKROOT = iphoneos;
				SWIFT_OPTIMIZATION_LEVEL = "-Onone";
				TARGETED_DEVICE_FAMILY = 2;
			};
			name = Debug;
		};
		C9CFACA61C7A85AA006381D2 /* Release */ = {
			isa = XCBuildConfiguration;
			buildSettings = {
				ALWAYS_SEARCH_USER_PATHS = NO;
				CLANG_CXX_LANGUAGE_STANDARD = "gnu++0x";
				CLANG_CXX_LIBRARY = "libc++";
				CLANG_ENABLE_MODULES = YES;
				CLANG_ENABLE_OBJC_ARC = YES;
				CLANG_WARN_BOOL_CONVERSION = YES;
				CLANG_WARN_CONSTANT_CONVERSION = YES;
				CLANG_WARN_DIRECT_OBJC_ISA_USAGE = YES_ERROR;
				CLANG_WARN_EMPTY_BODY = YES;
				CLANG_WARN_ENUM_CONVERSION = YES;
				CLANG_WARN_INT_CONVERSION = YES;
				CLANG_WARN_OBJC_ROOT_CLASS = YES_ERROR;
				CLANG_WARN_UNREACHABLE_CODE = YES;
				CLANG_WARN__DUPLICATE_METHOD_MATCH = YES;
				"CODE_SIGN_IDENTITY[sdk=iphoneos*]" = "iPhone Developer";
				COPY_PHASE_STRIP = NO;
				DEBUG_INFORMATION_FORMAT = "dwarf-with-dsym";
				ENABLE_NS_ASSERTIONS = NO;
				ENABLE_STRICT_OBJC_MSGSEND = YES;
				GCC_C_LANGUAGE_STANDARD = gnu99;
				GCC_NO_COMMON_BLOCKS = YES;
				GCC_WARN_64_TO_32_BIT_CONVERSION = YES;
				GCC_WARN_ABOUT_RETURN_TYPE = YES_ERROR;
				GCC_WARN_UNDECLARED_SELECTOR = YES;
				GCC_WARN_UNINITIALIZED_AUTOS = YES_AGGRESSIVE;
				GCC_WARN_UNUSED_FUNCTION = YES;
				GCC_WARN_UNUSED_VARIABLE = YES;
				IPHONEOS_DEPLOYMENT_TARGET = 9.2;
				MTL_ENABLE_DEBUG_INFO = NO;
				SDKROOT = iphoneos;
				TARGETED_DEVICE_FAMILY = 2;
				VALIDATE_PRODUCT = YES;
			};
			name = Release;
		};
		C9CFACA81C7A85AA006381D2 /* Debug */ = {
			isa = XCBuildConfiguration;
			buildSettings = {
				ASSETCATALOG_COMPILER_APPICON_NAME = AppIcon;
				INFOPLIST_FILE = DrinkPicker/Info.plist;
				LD_RUNPATH_SEARCH_PATHS = "$(inherited) @executable_path/Frameworks";
				PRODUCT_BUNDLE_IDENTIFIER = MCTC.DrinkPicker;
				PRODUCT_NAME = "$(TARGET_NAME)";
			};
			name = Debug;
		};
		C9CFACA91C7A85AA006381D2 /* Release */ = {
			isa = XCBuildConfiguration;
			buildSettings = {
				ASSETCATALOG_COMPILER_APPICON_NAME = AppIcon;
				INFOPLIST_FILE = DrinkPicker/Info.plist;
				LD_RUNPATH_SEARCH_PATHS = "$(inherited) @executable_path/Frameworks";
				PRODUCT_BUNDLE_IDENTIFIER = MCTC.DrinkPicker;
				PRODUCT_NAME = "$(TARGET_NAME)";
			};
			name = Release;
		};
/* End XCBuildConfiguration section */

/* Begin XCConfigurationList section */
		C9CFAC8D1C7A85AA006381D2 /* Build configuration list for PBXProject "DrinkPicker" */ = {
			isa = XCConfigurationList;
			buildConfigurations = (
				C9CFACA51C7A85AA006381D2 /* Debug */,
				C9CFACA61C7A85AA006381D2 /* Release */,
			);
			defaultConfigurationIsVisible = 0;
			defaultConfigurationName = Release;
		};
		C9CFACA71C7A85AA006381D2 /* Build configuration list for PBXNativeTarget "DrinkPicker" */ = {
			isa = XCConfigurationList;
			buildConfigurations = (
				C9CFACA81C7A85AA006381D2 /* Debug */,
				C9CFACA91C7A85AA006381D2 /* Release */,
			);
			defaultConfigurationIsVisible = 0;
		};
/* End XCConfigurationList section */

/* Begin XCVersionGroup section */
		C9CFAC9C1C7A85AA006381D2 /* DrinkPicker.xcdatamodeld */ = {
			isa = XCVersionGroup;
			children = (
				C9CFAC9D1C7A85AA006381D2 /* DrinkPicker.xcdatamodel */,
			);
			currentVersion = C9CFAC9D1C7A85AA006381D2 /* DrinkPicker.xcdatamodel */;
			path = DrinkPicker.xcdatamodeld;
			sourceTree = "<group>";
			versionGroupType = wrapper.xcdatamodel;
		};
/* End XCVersionGroup section */
	};
	rootObject = C9CFAC8A1C7A85AA006381D2 /* Project object */;
}
